
Microsoft Visual Studio Solution File, Format Version 12.00
# Visual Studio Version 17
VisualStudioVersion = 17.7.34009.444
MinimumVisualStudioVersion = 10.0.40219.1
Project("{9A19103F-16F7-4668-BE54-9A1E7A4F7556}") = "Prj_JACV_DemoMemoriCacheMVCApp", "Prj_JACV_DemoMemoriCacheMVCApp\Prj_JACV_DemoMemoriCacheMVCApp.csproj", "{DC2E47DD-C909-43B2-823A-604DF56BD287}"
EndProject
Project("{FAE04EC0-301F-11D3-BF4B-00C04F79EFBC}") = "Prj_JACV_DemoDistributedCacheMVCApp", "Prj_JACV_DemoDistributedCacheMVCApp\Prj_JACV_DemoDistributedCacheMVCApp.csproj", "{43F6B121-A745-41A5-8835-0B9B04244905}"
EndProject
Global
	GlobalSection(SolutionConfigurationPlatforms) = preSolution
		Debug|Any CPU = Debug|Any CPU
		Release|Any CPU = Release|Any CPU
	EndGlobalSection
	GlobalSection(ProjectConfigurationPlatforms) = postSolution
		{DC2E47DD-C909-43B2-823A-604DF56BD287}.Debug|Any CPU.ActiveCfg = Debug|Any CPU
		{DC2E47DD-C909-43B2-823A-604DF56BD287}.Debug|Any CPU.Build.0 = Debug|Any CPU
		{DC2E47DD-C909-43B2-823A-604DF56BD287}.Release|Any CPU.ActiveCfg = Release|Any CPU
		{DC2E47DD-C909-43B2-823A-604DF56BD287}.Release|Any CPU.Build.0 = Release|Any CPU
		{43F6B121-A745-41A5-8835-0B9B04244905}.Debug|Any CPU.ActiveCfg = Debug|Any CPU
		{43F6B121-A745-41A5-8835-0B9B04244905}.Debug|Any CPU.Build.0 = Debug|Any CPU
		{43F6B121-A745-41A5-8835-0B9B04244905}.Release|Any CPU.ActiveCfg = Release|Any CPU
		{43F6B121-A745-41A5-8835-0B9B04244905}.Release|Any CPU.Build.0 = Release|Any CPU
	EndGlobalSection
	GlobalSection(SolutionProperties) = preSolution
		HideSolutionNode = FALSE
	EndGlobalSection
	GlobalSection(ExtensibilityGlobals) = postSolution
		SolutionGuid = {DBB20C07-25A1-447F-AE85-E87A9350021A}
	EndGlobalSection
EndGlobal
