
Microsoft Visual Studio Solution File, Format Version 12.00
# Visual Studio Version 17
VisualStudioVersion = 17.7.34009.444
MinimumVisualStudioVersion = 10.0.40219.1
Project("{FAE04EC0-301F-11D3-BF4B-00C04F79EFBC}") = "Prj_JACV_MVCBibliotecaApp", "Prj_JACV_MVCBibliotecaApp\Prj_JACV_MVCBibliotecaApp.csproj", "{830D06F6-ED97-4832-A755-996FC81AF2E0}"
EndProject
Global
	GlobalSection(SolutionConfigurationPlatforms) = preSolution
		Debug|Any CPU = Debug|Any CPU
		Release|Any CPU = Release|Any CPU
	EndGlobalSection
	GlobalSection(ProjectConfigurationPlatforms) = postSolution
		{830D06F6-ED97-4832-A755-996FC81AF2E0}.Debug|Any CPU.ActiveCfg = Debug|Any CPU
		{830D06F6-ED97-4832-A755-996FC81AF2E0}.Debug|Any CPU.Build.0 = Debug|Any CPU
		{830D06F6-ED97-4832-A755-996FC81AF2E0}.Release|Any CPU.ActiveCfg = Release|Any CPU
		{830D06F6-ED97-4832-A755-996FC81AF2E0}.Release|Any CPU.Build.0 = Release|Any CPU
	EndGlobalSection
	GlobalSection(SolutionProperties) = preSolution
		HideSolutionNode = FALSE
	EndGlobalSection
	GlobalSection(ExtensibilityGlobals) = postSolution
		SolutionGuid = {D483AF93-92DB-4FE2-888B-A1E2CFF66E60}
	EndGlobalSection
EndGlobal
